// !$*UTF8*$!
{
	archiveVersion = 1;
	classes = {
	};
	objectVersion = 56;
	objects = {

/* Begin PBXBuildFile section */
		BCA20FBA2915D51A007C3B30 /* AppDelegate.swift in Sources */ = {isa = PBXBuildFile; fileRef = BCA20FB92915D51A007C3B30 /* AppDelegate.swift */; };
		BCA20FBC2915D51A007C3B30 /* SceneDelegate.swift in Sources */ = {isa = PBXBuildFile; fileRef = BCA20FBB2915D51A007C3B30 /* SceneDelegate.swift */; };
		BCA20FBE2915D51A007C3B30 /* MainViewController.swift in Sources */ = {isa = PBXBuildFile; fileRef = BCA20FBD2915D51A007C3B30 /* MainViewController.swift */; };
		BCA20FC12915D51A007C3B30 /* Main.storyboard in Resources */ = {isa = PBXBuildFile; fileRef = BCA20FBF2915D51A007C3B30 /* Main.storyboard */; };
		BCA20FC32915D51B007C3B30 /* Assets.xcassets in Resources */ = {isa = PBXBuildFile; fileRef = BCA20FC22915D51B007C3B30 /* Assets.xcassets */; };
		BCA20FC62915D51B007C3B30 /* LaunchScreen.storyboard in Resources */ = {isa = PBXBuildFile; fileRef = BCA20FC42915D51B007C3B30 /* LaunchScreen.storyboard */; };
		BCA20FCF2915DE99007C3B30 /* FIOModel.swift in Sources */ = {isa = PBXBuildFile; fileRef = BCA20FCE2915DE99007C3B30 /* FIOModel.swift */; };
		BCA20FD12915DEA8007C3B30 /* HelloModel.swift in Sources */ = {isa = PBXBuildFile; fileRef = BCA20FD02915DEA8007C3B30 /* HelloModel.swift */; };
/* End PBXBuildFile section */

/* Begin PBXFileReference section */
		BCA20FB62915D51A007C3B30 /* MainProject.app */ = {isa = PBXFileReference; explicitFileType = wrapper.application; includeInIndex = 0; path = MainProject.app; sourceTree = BUILT_PRODUCTS_DIR; };
		BCA20FB92915D51A007C3B30 /* AppDelegate.swift */ = {isa = PBXFileReference; lastKnownFileType = sourcecode.swift; path = AppDelegate.swift; sourceTree = "<group>"; };
		BCA20FBB2915D51A007C3B30 /* SceneDelegate.swift */ = {isa = PBXFileReference; lastKnownFileType = sourcecode.swift; path = SceneDelegate.swift; sourceTree = "<group>"; };
		BCA20FBD2915D51A007C3B30 /* MainViewController.swift */ = {isa = PBXFileReference; lastKnownFileType = sourcecode.swift; path = MainViewController.swift; sourceTree = "<group>"; };
		BCA20FC02915D51A007C3B30 /* Base */ = {isa = PBXFileReference; lastKnownFileType = file.storyboard; name = Base; path = Base.lproj/Main.storyboard; sourceTree = "<group>"; };
		BCA20FC22915D51B007C3B30 /* Assets.xcassets */ = {isa = PBXFileReference; lastKnownFileType = folder.assetcatalog; path = Assets.xcassets; sourceTree = "<group>"; };
		BCA20FC52915D51B007C3B30 /* Base */ = {isa = PBXFileReference; lastKnownFileType = file.storyboard; name = Base; path = Base.lproj/LaunchScreen.storyboard; sourceTree = "<group>"; };
		BCA20FC72915D51B007C3B30 /* Info.plist */ = {isa = PBXFileReference; lastKnownFileType = text.plist.xml; path = Info.plist; sourceTree = "<group>"; };
		BCA20FCE2915DE99007C3B30 /* FIOModel.swift */ = {isa = PBXFileReference; lastKnownFileType = sourcecode.swift; path = FIOModel.swift; sourceTree = "<group>"; };
		BCA20FD02915DEA8007C3B30 /* HelloModel.swift */ = {isa = PBXFileReference; lastKnownFileType = sourcecode.swift; path = HelloModel.swift; sourceTree = "<group>"; };
/* End PBXFileReference section */

/* Begin PBXFrameworksBuildPhase section */
		BCA20FB32915D51A007C3B30 /* Frameworks */ = {
			isa = PBXFrameworksBuildPhase;
			buildActionMask = 2147483647;
			files = (
			);
			runOnlyForDeploymentPostprocessing = 0;
		};
/* End PBXFrameworksBuildPhase section */

/* Begin PBXGroup section */
		BCA20FAD2915D51A007C3B30 = {
			isa = PBXGroup;
			children = (
				BCA20FB82915D51A007C3B30 /* MainProject */,
				BCA20FB72915D51A007C3B30 /* Products */,
			);
			sourceTree = "<group>";
		};
		BCA20FB72915D51A007C3B30 /* Products */ = {
			isa = PBXGroup;
			children = (
				BCA20FB62915D51A007C3B30 /* MainProject.app */,
			);
			name = Products;
			sourceTree = "<group>";
		};
		BCA20FB82915D51A007C3B30 /* MainProject */ = {
			isa = PBXGroup;
			children = (
				BCA20FCD2915DE8D007C3B30 /* Model */,
				BCA20FB92915D51A007C3B30 /* AppDelegate.swift */,
				BCA20FBB2915D51A007C3B30 /* SceneDelegate.swift */,
				BCA20FBD2915D51A007C3B30 /* MainViewController.swift */,
				BCA20FBF2915D51A007C3B30 /* Main.storyboard */,
				BCA20FC22915D51B007C3B30 /* Assets.xcassets */,
				BCA20FC42915D51B007C3B30 /* LaunchScreen.storyboard */,
				BCA20FC72915D51B007C3B30 /* Info.plist */,
			);
			path = MainProject;
			sourceTree = "<group>";
		};
		BCA20FCD2915DE8D007C3B30 /* Model */ = {
			isa = PBXGroup;
			children = (
				BCA20FCE2915DE99007C3B30 /* FIOModel.swift */,
				BCA20FD02915DEA8007C3B30 /* HelloModel.swift */,
			);
			path = Model;
			sourceTree = "<group>";
		};
/* End PBXGroup section */

/* Begin PBXNativeTarget section */
		BCA20FB52915D51A007C3B30 /* MainProject */ = {
			isa = PBXNativeTarget;
			buildConfigurationList = BCA20FCA2915D51B007C3B30 /* Build configuration list for PBXNativeTarget "MainProject" */;
			buildPhases = (
				BCA20FB22915D51A007C3B30 /* Sources */,
				BCA20FB32915D51A007C3B30 /* Frameworks */,
				BCA20FB42915D51A007C3B30 /* Resources */,
			);
			buildRules = (
			);
			dependencies = (
			);
			name = MainProject;
			productName = MainProject;
			productReference = BCA20FB62915D51A007C3B30 /* MainProject.app */;
			productType = "com.apple.product-type.application";
		};
/* End PBXNativeTarget section */

/* Begin PBXProject section */
		BCA20FAE2915D51A007C3B30 /* Project object */ = {
			isa = PBXProject;
			attributes = {
				BuildIndependentTargetsInParallel = 1;
				LastSwiftUpdateCheck = 1400;
				LastUpgradeCheck = 1400;
				TargetAttributes = {
					BCA20FB52915D51A007C3B30 = {
						CreatedOnToolsVersion = 14.0;
					};
				};
			};
			buildConfigurationList = BCA20FB12915D51A007C3B30 /* Build configuration list for PBXProject "MainProject" */;
			compatibilityVersion = "Xcode 14.0";
			developmentRegion = en;
			hasScannedForEncodings = 0;
			knownRegions = (
				en,
				Base,
			);
			mainGroup = BCA20FAD2915D51A007C3B30;
			productRefGroup = BCA20FB72915D51A007C3B30 /* Products */;
			projectDirPath = "";
			projectRoot = "";
			targets = (
				BCA20FB52915D51A007C3B30 /* MainProject */,
			);
		};
/* End PBXProject section */

/* Begin PBXResourcesBuildPhase section */
		BCA20FB42915D51A007C3B30 /* Resources */ = {
			isa = PBXResourcesBuildPhase;
			buildActionMask = 2147483647;
			files = (
				BCA20FC62915D51B007C3B30 /* LaunchScreen.storyboard in Resources */,
				BCA20FC32915D51B007C3B30 /* Assets.xcassets in Resources */,
				BCA20FC12915D51A007C3B30 /* Main.storyboard in Resources */,
			);
			runOnlyForDeploymentPostprocessing = 0;
		};
/* End PBXResourcesBuildPhase section */

/* Begin PBXSourcesBuildPhase section */
		BCA20FB22915D51A007C3B30 /* Sources */ = {
			isa = PBXSourcesBuildPhase;
			buildActionMask = 2147483647;
			files = (
				BCA20FCF2915DE99007C3B30 /* FIOModel.swift in Sources */,
				BCA20FBE2915D51A007C3B30 /* MainViewController.swift in Sources */,
				BCA20FBA2915D51A007C3B30 /* AppDelegate.swift in Sources */,
				BCA20FD12915DEA8007C3B30 /* HelloModel.swift in Sources */,
				BCA20FBC2915D51A007C3B30 /* SceneDelegate.swift in Sources */,
			);
			runOnlyForDeploymentPostprocessing = 0;
		};
/* End PBXSourcesBuildPhase section */

/* Begin PBXVariantGroup section */
		BCA20FBF2915D51A007C3B30 /* Main.storyboard */ = {
			isa = PBXVariantGroup;
			children = (
				BCA20FC02915D51A007C3B30 /* Base */,
			);
			name = Main.storyboard;
			sourceTree = "<group>";
		};
		BCA20FC42915D51B007C3B30 /* LaunchScreen.storyboard */ = {
			isa = PBXVariantGroup;
			children = (
				BCA20FC52915D51B007C3B30 /* Base */,
			);
			name = LaunchScreen.storyboard;
			sourceTree = "<group>";
		};
/* End PBXVariantGroup section */

/* Begin XCBuildConfiguration section */
		BCA20FC82915D51B007C3B30 /* Debug */ = {
			isa = XCBuildConfiguration;
			buildSettings = {
				ALWAYS_SEARCH_USER_PATHS = NO;
				CLANG_ANALYZER_NONNULL = YES;
				CLANG_ANALYZER_NUMBER_OBJECT_CONVERSION = YES_AGGRESSIVE;
				CLANG_CXX_LANGUAGE_STANDARD = "gnu++20";
				CLANG_ENABLE_MODULES = YES;
				CLANG_ENABLE_OBJC_ARC = YES;
				CLANG_ENABLE_OBJC_WEAK = YES;
				CLANG_WARN_BLOCK_CAPTURE_AUTORELEASING = YES;
				CLANG_WARN_BOOL_CONVERSION = YES;
				CLANG_WARN_COMMA = YES;
				CLANG_WARN_CONSTANT_CONVERSION = YES;
				CLANG_WARN_DEPRECATED_OBJC_IMPLEMENTATIONS = YES;
				CLANG_WARN_DIRECT_OBJC_ISA_USAGE = YES_ERROR;
				CLANG_WARN_DOCUMENTATION_COMMENTS = YES;
				CLANG_WARN_EMPTY_BODY = YES;
				CLANG_WARN_ENUM_CONVERSION = YES;
				CLANG_WARN_INFINITE_RECURSION = YES;
				CLANG_WARN_INT_CONVERSION = YES;
				CLANG_WARN_NON_LITERAL_NULL_CONVERSION = YES;
				CLANG_WARN_OBJC_IMPLICIT_RETAIN_SELF = YES;
				CLANG_WARN_OBJC_LITERAL_CONVERSION = YES;
				CLANG_WARN_OBJC_ROOT_CLASS = YES_ERROR;
				CLANG_WARN_QUOTED_INCLUDE_IN_FRAMEWORK_HEADER = YES;
				CLANG_WARN_RANGE_LOOP_ANALYSIS = YES;
				CLANG_WARN_STRICT_PROTOTYPES = YES;
				CLANG_WARN_SUSPICIOUS_MOVE = YES;
				CLANG_WARN_UNGUARDED_AVAILABILITY = YES_AGGRESSIVE;
				CLANG_WARN_UNREACHABLE_CODE = YES;
				CLANG_WARN__DUPLICATE_METHOD_MATCH = YES;
				COPY_PHASE_STRIP = NO;
				DEBUG_INFORMATION_FORMAT = dwarf;
				ENABLE_STRICT_OBJC_MSGSEND = YES;
				ENABLE_TESTABILITY = YES;
				GCC_C_LANGUAGE_STANDARD = gnu11;
				GCC_DYNAMIC_NO_PIC = NO;
				GCC_NO_COMMON_BLOCKS = YES;
				GCC_OPTIMIZATION_LEVEL = 0;
				GCC_PREPROCESSOR_DEFINITIONS = (
					"DEBUG=1",
					"$(inherited)",
				);
				GCC_WARN_64_TO_32_BIT_CONVERSION = YES;
				GCC_WARN_ABOUT_RETURN_TYPE = YES_ERROR;
				GCC_WARN_UNDECLARED_SELECTOR = YES;
				GCC_WARN_UNINITIALIZED_AUTOS = YES_AGGRESSIVE;
				GCC_WARN_UNUSED_FUNCTION = YES;
				GCC_WARN_UNUSED_VARIABLE = YES;
				IPHONEOS_DEPLOYMENT_TARGET = 16.0;
				MTL_ENABLE_DEBUG_INFO = INCLUDE_SOURCE;
				MTL_FAST_MATH = YES;
				ONLY_ACTIVE_ARCH = YES;
				SDKROOT = iphoneos;
				SWIFT_ACTIVE_COMPILATION_CONDITIONS = DEBUG;
				SWIFT_OPTIMIZATION_LEVEL = "-Onone";
			};
			name = Debug;
		};
		BCA20FC92915D51B007C3B30 /* Release */ = {
			isa = XCBuildConfiguration;
			buildSettings = {
				ALWAYS_SEARCH_USER_PATHS = NO;
				CLANG_ANALYZER_NONNULL = YES;
				CLANG_ANALYZER_NUMBER_OBJECT_CONVERSION = YES_AGGRESSIVE;
				CLANG_CXX_LANGUAGE_STANDARD = "gnu++20";
				CLANG_ENABLE_MODULES = YES;
				CLANG_ENABLE_OBJC_ARC = YES;
				CLANG_ENABLE_OBJC_WEAK = YES;
				CLANG_WARN_BLOCK_CAPTURE_AUTORELEASING = YES;
				CLANG_WARN_BOOL_CONVERSION = YES;
				CLANG_WARN_COMMA = YES;
				CLANG_WARN_CONSTANT_CONVERSION = YES;
				CLANG_WARN_DEPRECATED_OBJC_IMPLEMENTATIONS = YES;
				CLANG_WARN_DIRECT_OBJC_ISA_USAGE = YES_ERROR;
				CLANG_WARN_DOCUMENTATION_COMMENTS = YES;
				CLANG_WARN_EMPTY_BODY = YES;
				CLANG_WARN_ENUM_CONVERSION = YES;
				CLANG_WARN_INFINITE_RECURSION = YES;
				CLANG_WARN_INT_CONVERSION = YES;
				CLANG_WARN_NON_LITERAL_NULL_CONVERSION = YES;
				CLANG_WARN_OBJC_IMPLICIT_RETAIN_SELF = YES;
				CLANG_WARN_OBJC_LITERAL_CONVERSION = YES;
				CLANG_WARN_OBJC_ROOT_CLASS = YES_ERROR;
				CLANG_WARN_QUOTED_INCLUDE_IN_FRAMEWORK_HEADER = YES;
				CLANG_WARN_RANGE_LOOP_ANALYSIS = YES;
				CLANG_WARN_STRICT_PROTOTYPES = YES;
				CLANG_WARN_SUSPICIOUS_MOVE = YES;
				CLANG_WARN_UNGUARDED_AVAILABILITY = YES_AGGRESSIVE;
				CLANG_WARN_UNREACHABLE_CODE = YES;
				CLANG_WARN__DUPLICATE_METHOD_MATCH = YES;
				COPY_PHASE_STRIP = NO;
				DEBUG_INFORMATION_FORMAT = "dwarf-with-dsym";
				ENABLE_NS_ASSERTIONS = NO;
				ENABLE_STRICT_OBJC_MSGSEND = YES;
				GCC_C_LANGUAGE_STANDARD = gnu11;
				GCC_NO_COMMON_BLOCKS = YES;
				GCC_WARN_64_TO_32_BIT_CONVERSION = YES;
				GCC_WARN_ABOUT_RETURN_TYPE = YES_ERROR;
				GCC_WARN_UNDECLARED_SELECTOR = YES;
				GCC_WARN_UNINITIALIZED_AUTOS = YES_AGGRESSIVE;
				GCC_WARN_UNUSED_FUNCTION = YES;
				GCC_WARN_UNUSED_VARIABLE = YES;
				IPHONEOS_DEPLOYMENT_TARGET = 16.0;
				MTL_ENABLE_DEBUG_INFO = NO;
				MTL_FAST_MATH = YES;
				SDKROOT = iphoneos;
				SWIFT_COMPILATION_MODE = wholemodule;
				SWIFT_OPTIMIZATION_LEVEL = "-O";
				VALIDATE_PRODUCT = YES;
			};
			name = Release;
		};
		BCA20FCB2915D51B007C3B30 /* Debug */ = {
			isa = XCBuildConfiguration;
			buildSettings = {
				ASSETCATALOG_COMPILER_APPICON_NAME = AppIcon;
				ASSETCATALOG_COMPILER_GLOBAL_ACCENT_COLOR_NAME = AccentColor;
				CODE_SIGN_STYLE = Automatic;
				CURRENT_PROJECT_VERSION = 1;
				DEVELOPMENT_TEAM = 87MK9SAST8;
				GENERATE_INFOPLIST_FILE = YES;
				INFOPLIST_FILE = MainProject/Info.plist;
				INFOPLIST_KEY_UIApplicationSupportsIndirectInputEvents = YES;
				INFOPLIST_KEY_UILaunchStoryboardName = LaunchScreen;
				INFOPLIST_KEY_UIMainStoryboardFile = Main;
				INFOPLIST_KEY_UISupportedInterfaceOrientations_iPad = "UIInterfaceOrientationPortrait UIInterfaceOrientationPortraitUpsideDown UIInterfaceOrientationLandscapeLeft UIInterfaceOrientationLandscapeRight";
				INFOPLIST_KEY_UISupportedInterfaceOrientations_iPhone = "UIInterfaceOrientationPortrait UIInterfaceOrientationLandscapeLeft UIInterfaceOrientationLandscapeRight";
				LD_RUNPATH_SEARCH_PATHS = (
					"$(inherited)",
					"@executable_path/Frameworks",
				);
				MARKETING_VERSION = 1.0;
				PRODUCT_BUNDLE_IDENTIFIER = Project.MainProject;
				PRODUCT_NAME = "$(TARGET_NAME)";
				SWIFT_EMIT_LOC_STRINGS = YES;
				SWIFT_VERSION = 5.0;
				TARGETED_DEVICE_FAMILY = "1,2";
			};
			name = Debug;
		};
		BCA20FCC2915D51B007C3B30 /* Release */ = {
			isa = XCBuildConfiguration;
			buildSettings = {
				ASSETCATALOG_COMPILER_APPICON_NAME = AppIcon;
				ASSETCATALOG_COMPILER_GLOBAL_ACCENT_COLOR_NAME = AccentColor;
				CODE_SIGN_STYLE = Automatic;
				CURRENT_PROJECT_VERSION = 1;
				DEVELOPMENT_TEAM = 87MK9SAST8;
				GENERATE_INFOPLIST_FILE = YES;
				INFOPLIST_FILE = MainProject/Info.plist;
				INFOPLIST_KEY_UIApplicationSupportsIndirectInputEvents = YES;
				INFOPLIST_KEY_UILaunchStoryboardName = LaunchScreen;
				INFOPLIST_KEY_UIMainStoryboardFile = Main;
				INFOPLIST_KEY_UISupportedInterfaceOrientations_iPad = "UIInterfaceOrientationPortrait UIInterfaceOrientationPortraitUpsideDown UIInterfaceOrientationLandscapeLeft UIInterfaceOrientationLandscapeRight";
				INFOPLIST_KEY_UISupportedInterfaceOrientations_iPhone = "UIInterfaceOrientationPortrait UIInterfaceOrientationLandscapeLeft UIInterfaceOrientationLandscapeRight";
				LD_RUNPATH_SEARCH_PATHS = (
					"$(inherited)",
					"@executable_path/Frameworks",
				);
				MARKETING_VERSION = 1.0;
				PRODUCT_BUNDLE_IDENTIFIER = Project.MainProject;
				PRODUCT_NAME = "$(TARGET_NAME)";
				SWIFT_EMIT_LOC_STRINGS = YES;
				SWIFT_VERSION = 5.0;
				TARGETED_DEVICE_FAMILY = "1,2";
			};
			name = Release;
		};
/* End XCBuildConfiguration section */

/* Begin XCConfigurationList section */
		BCA20FB12915D51A007C3B30 /* Build configuration list for PBXProject "MainProject" */ = {
			isa = XCConfigurationList;
			buildConfigurations = (
				BCA20FC82915D51B007C3B30 /* Debug */,
				BCA20FC92915D51B007C3B30 /* Release */,
			);
			defaultConfigurationIsVisible = 0;
			defaultConfigurationName = Release;
		};
		BCA20FCA2915D51B007C3B30 /* Build configuration list for PBXNativeTarget "MainProject" */ = {
			isa = XCConfigurationList;
			buildConfigurations = (
				BCA20FCB2915D51B007C3B30 /* Debug */,
				BCA20FCC2915D51B007C3B30 /* Release */,
			);
			defaultConfigurationIsVisible = 0;
			defaultConfigurationName = Release;
		};
/* End XCConfigurationList section */
	};
	rootObject = BCA20FAE2915D51A007C3B30 /* Project object */;
}
